
Microsoft Visual Studio Solution File, Format Version 12.00
# Visual Studio Version 17
VisualStudioVersion = 17.8.34330.188
MinimumVisualStudioVersion = 10.0.40219.1
Project("{FAE04EC0-301F-11D3-BF4B-00C04F79EFBC}") = "lab 5", "lab 5\lab 5.csproj", "{960C2613-2EDF-4450-86EA-147B3A553666}"
EndProject
Global
	GlobalSection(SolutionConfigurationPlatforms) = preSolution
		Debug|Any CPU = Debug|Any CPU
		Release|Any CPU = Release|Any CPU
	EndGlobalSection
	GlobalSection(ProjectConfigurationPlatforms) = postSolution
		{960C2613-2EDF-4450-86EA-147B3A553666}.Debug|Any CPU.ActiveCfg = Debug|Any CPU
		{960C2613-2EDF-4450-86EA-147B3A553666}.Debug|Any CPU.Build.0 = Debug|Any CPU
		{960C2613-2EDF-4450-86EA-147B3A553666}.Release|Any CPU.ActiveCfg = Release|Any CPU
		{960C2613-2EDF-4450-86EA-147B3A553666}.Release|Any CPU.Build.0 = Release|Any CPU
	EndGlobalSection
	GlobalSection(SolutionProperties) = preSolution
		HideSolutionNode = FALSE
	EndGlobalSection
	GlobalSection(ExtensibilityGlobals) = postSolution
		SolutionGuid = {15E32C3F-9ED0-4DB0-A7B8-41680878F408}
	EndGlobalSection
EndGlobal
