
Microsoft Visual Studio Solution File, Format Version 12.00
# Visual Studio Version 17
VisualStudioVersion = 17.8.34330.188
MinimumVisualStudioVersion = 10.0.40219.1
Project("{FAE04EC0-301F-11D3-BF4B-00C04F79EFBC}") = "lab 3 q2", "lab 3 q2\lab 3 q2.csproj", "{35091FB9-F660-4C65-A76A-45897F5C97BC}"
EndProject
Global
	GlobalSection(SolutionConfigurationPlatforms) = preSolution
		Debug|Any CPU = Debug|Any CPU
		Release|Any CPU = Release|Any CPU
	EndGlobalSection
	GlobalSection(ProjectConfigurationPlatforms) = postSolution
		{35091FB9-F660-4C65-A76A-45897F5C97BC}.Debug|Any CPU.ActiveCfg = Debug|Any CPU
		{35091FB9-F660-4C65-A76A-45897F5C97BC}.Debug|Any CPU.Build.0 = Debug|Any CPU
		{35091FB9-F660-4C65-A76A-45897F5C97BC}.Release|Any CPU.ActiveCfg = Release|Any CPU
		{35091FB9-F660-4C65-A76A-45897F5C97BC}.Release|Any CPU.Build.0 = Release|Any CPU
	EndGlobalSection
	GlobalSection(SolutionProperties) = preSolution
		HideSolutionNode = FALSE
	EndGlobalSection
	GlobalSection(ExtensibilityGlobals) = postSolution
		SolutionGuid = {77365A76-B872-44E6-8840-03C56220F6A9}
	EndGlobalSection
EndGlobal
