
Microsoft Visual Studio Solution File, Format Version 12.00
# Visual Studio Version 17
VisualStudioVersion = 17.8.34330.188
MinimumVisualStudioVersion = 10.0.40219.1
Project("{FAE04EC0-301F-11D3-BF4B-00C04F79EFBC}") = "lab sess 2", "lab sess 2\lab sess 2.csproj", "{4DBFAD89-DF12-42F6-9FAF-A5D375A4B1FE}"
EndProject
Global
	GlobalSection(SolutionConfigurationPlatforms) = preSolution
		Debug|Any CPU = Debug|Any CPU
		Release|Any CPU = Release|Any CPU
	EndGlobalSection
	GlobalSection(ProjectConfigurationPlatforms) = postSolution
		{4DBFAD89-DF12-42F6-9FAF-A5D375A4B1FE}.Debug|Any CPU.ActiveCfg = Debug|Any CPU
		{4DBFAD89-DF12-42F6-9FAF-A5D375A4B1FE}.Debug|Any CPU.Build.0 = Debug|Any CPU
		{4DBFAD89-DF12-42F6-9FAF-A5D375A4B1FE}.Release|Any CPU.ActiveCfg = Release|Any CPU
		{4DBFAD89-DF12-42F6-9FAF-A5D375A4B1FE}.Release|Any CPU.Build.0 = Release|Any CPU
	EndGlobalSection
	GlobalSection(SolutionProperties) = preSolution
		HideSolutionNode = FALSE
	EndGlobalSection
	GlobalSection(ExtensibilityGlobals) = postSolution
		SolutionGuid = {C330DD2C-C3C8-44DF-B732-C765F2BE9686}
	EndGlobalSection
EndGlobal
