
Microsoft Visual Studio Solution File, Format Version 12.00
# Visual Studio Version 17
VisualStudioVersion = 17.8.34330.188
MinimumVisualStudioVersion = 10.0.40219.1
Project("{FAE04EC0-301F-11D3-BF4B-00C04F79EFBC}") = "lab 4 q1", "lab 4 q1\lab 4 q1.csproj", "{11069FA2-3DA9-4EEF-B452-C3B26D4C5145}"
EndProject
Global
	GlobalSection(SolutionConfigurationPlatforms) = preSolution
		Debug|Any CPU = Debug|Any CPU
		Release|Any CPU = Release|Any CPU
	EndGlobalSection
	GlobalSection(ProjectConfigurationPlatforms) = postSolution
		{11069FA2-3DA9-4EEF-B452-C3B26D4C5145}.Debug|Any CPU.ActiveCfg = Debug|Any CPU
		{11069FA2-3DA9-4EEF-B452-C3B26D4C5145}.Debug|Any CPU.Build.0 = Debug|Any CPU
		{11069FA2-3DA9-4EEF-B452-C3B26D4C5145}.Release|Any CPU.ActiveCfg = Release|Any CPU
		{11069FA2-3DA9-4EEF-B452-C3B26D4C5145}.Release|Any CPU.Build.0 = Release|Any CPU
	EndGlobalSection
	GlobalSection(SolutionProperties) = preSolution
		HideSolutionNode = FALSE
	EndGlobalSection
	GlobalSection(ExtensibilityGlobals) = postSolution
		SolutionGuid = {EDC39DA1-4D45-460C-95E2-D50044864F09}
	EndGlobalSection
EndGlobal
